// !$*UTF8*$!
{
	archiveVersion = 1;
	classes = {
	};
	objectVersion = 56;
	objects = {

/* Begin PBXBuildFile section */
		302C0C422AE946960098B392 /* ImageProviderClient_XPCApp.swift in Sources */ = {isa = PBXBuildFile; fileRef = 302C0C412AE946960098B392 /* ImageProviderClient_XPCApp.swift */; };
		302C0C442AE946960098B392 /* ContentView.swift in Sources */ = {isa = PBXBuildFile; fileRef = 302C0C432AE946960098B392 /* ContentView.swift */; };
		302C0C462AE946970098B392 /* Assets.xcassets in Resources */ = {isa = PBXBuildFile; fileRef = 302C0C452AE946970098B392 /* Assets.xcassets */; };
		302C0C492AE946970098B392 /* Preview Assets.xcassets in Resources */ = {isa = PBXBuildFile; fileRef = 302C0C482AE946970098B392 /* Preview Assets.xcassets */; };
		302C0C542AE946980098B392 /* ImageProviderClient_XPCTests.swift in Sources */ = {isa = PBXBuildFile; fileRef = 302C0C532AE946980098B392 /* ImageProviderClient_XPCTests.swift */; };
		302C0C5E2AE946980098B392 /* ImageProviderClient_XPCUITests.swift in Sources */ = {isa = PBXBuildFile; fileRef = 302C0C5D2AE946980098B392 /* ImageProviderClient_XPCUITests.swift */; };
		302C0C602AE946980098B392 /* ImageProviderClient_XPCUITestsLaunchTests.swift in Sources */ = {isa = PBXBuildFile; fileRef = 302C0C5F2AE946980098B392 /* ImageProviderClient_XPCUITestsLaunchTests.swift */; };
		302C0C772AE947BF0098B392 /* ImageProviderManager.swift in Sources */ = {isa = PBXBuildFile; fileRef = 302C0C762AE947BF0098B392 /* ImageProviderManager.swift */; };
		302C0C7B2AE94EDE0098B392 /* DebugImageProviderXPCService-arm64.xpc in Resources */ = {isa = PBXBuildFile; fileRef = 302C0C7A2AE94EDE0098B392 /* DebugImageProviderXPCService-arm64.xpc */; };
		302C0C7C2AE94EE20098B392 /* DebugImageProviderXPCService-arm64.xpc in CopyFiles */ = {isa = PBXBuildFile; fileRef = 302C0C7A2AE94EDE0098B392 /* DebugImageProviderXPCService-arm64.xpc */; settings = {ATTRIBUTES = (RemoveHeadersOnCopy, ); }; };
		302C0C7F2AE954680098B392 /* DebugImageProviderXPCService-universal.xpc in CopyFiles */ = {isa = PBXBuildFile; fileRef = 302C0C7D2AE9545D0098B392 /* DebugImageProviderXPCService-universal.xpc */; settings = {ATTRIBUTES = (RemoveHeadersOnCopy, ); }; };
		302C0C802AE954680098B392 /* DebugImageProviderXPCService-x86.xpc in CopyFiles */ = {isa = PBXBuildFile; fileRef = 302C0C7E2AE9545D0098B392 /* DebugImageProviderXPCService-x86.xpc */; settings = {ATTRIBUTES = (RemoveHeadersOnCopy, ); }; };
		302C0C822AE9581F0098B392 /* ImageProvider.swift in Sources */ = {isa = PBXBuildFile; fileRef = 302C0C812AE9581F0098B392 /* ImageProvider.swift */; };
		302C0C842AE95D500098B392 /* ImageProviderView.swift in Sources */ = {isa = PBXBuildFile; fileRef = 302C0C832AE95D500098B392 /* ImageProviderView.swift */; };
		3063501B2AEAB54B0085A3E5 /* FlirImageProviderServer.swift in Sources */ = {isa = PBXBuildFile; fileRef = 3063501A2AEAB54B0085A3E5 /* FlirImageProviderServer.swift */; };
		3063501F2AEAB54B0085A3E5 /* main.swift in Sources */ = {isa = PBXBuildFile; fileRef = 3063501E2AEAB54B0085A3E5 /* main.swift */; };
		306350242AEAB54B0085A3E5 /* FlirImageProviderServer.xpc in CopyFiles */ = {isa = PBXBuildFile; fileRef = 306350182AEAB54B0085A3E5 /* FlirImageProviderServer.xpc */; settings = {ATTRIBUTES = (RemoveHeadersOnCopy, ); }; };
		3063502A2AEAD2990085A3E5 /* XPCProtocols.swift in Sources */ = {isa = PBXBuildFile; fileRef = 306350292AEAD2990085A3E5 /* XPCProtocols.swift */; };
		3063502B2AEAD2E70085A3E5 /* XPCProtocols.swift in Sources */ = {isa = PBXBuildFile; fileRef = 306350292AEAD2990085A3E5 /* XPCProtocols.swift */; };
/* End PBXBuildFile section */

/* Begin PBXContainerItemProxy section */
		302C0C502AE946970098B392 /* PBXContainerItemProxy */ = {
			isa = PBXContainerItemProxy;
			containerPortal = 302C0C362AE946960098B392 /* Project object */;
			proxyType = 1;
			remoteGlobalIDString = 302C0C3D2AE946960098B392;
			remoteInfo = ImageProviderClient_XPC;
		};
		302C0C5A2AE946980098B392 /* PBXContainerItemProxy */ = {
			isa = PBXContainerItemProxy;
			containerPortal = 302C0C362AE946960098B392 /* Project object */;
			proxyType = 1;
			remoteGlobalIDString = 302C0C3D2AE946960098B392;
			remoteInfo = ImageProviderClient_XPC;
		};
		306350222AEAB54B0085A3E5 /* PBXContainerItemProxy */ = {
			isa = PBXContainerItemProxy;
			containerPortal = 302C0C362AE946960098B392 /* Project object */;
			proxyType = 1;
			remoteGlobalIDString = 306350172AEAB54B0085A3E5;
			remoteInfo = FlirImageProviderServer;
		};
/* End PBXContainerItemProxy section */

/* Begin PBXCopyFilesBuildPhase section */
		302C0C722AE946F40098B392 /* CopyFiles */ = {
			isa = PBXCopyFilesBuildPhase;
			buildActionMask = 2147483647;
			dstPath = "$(CONTENTS_FOLDER_PATH)/XPCServices";
			dstSubfolderSpec = 16;
			files = (
				302C0C7F2AE954680098B392 /* DebugImageProviderXPCService-universal.xpc in CopyFiles */,
				302C0C802AE954680098B392 /* DebugImageProviderXPCService-x86.xpc in CopyFiles */,
				306350242AEAB54B0085A3E5 /* FlirImageProviderServer.xpc in CopyFiles */,
				302C0C7C2AE94EE20098B392 /* DebugImageProviderXPCService-arm64.xpc in CopyFiles */,
			);
			runOnlyForDeploymentPostprocessing = 0;
		};
/* End PBXCopyFilesBuildPhase section */

/* Begin PBXFileReference section */
		302C0C3E2AE946960098B392 /* ImageProviderClient_XPC.app */ = {isa = PBXFileReference; explicitFileType = wrapper.application; includeInIndex = 0; path = ImageProviderClient_XPC.app; sourceTree = BUILT_PRODUCTS_DIR; };
		302C0C412AE946960098B392 /* ImageProviderClient_XPCApp.swift */ = {isa = PBXFileReference; lastKnownFileType = sourcecode.swift; path = ImageProviderClient_XPCApp.swift; sourceTree = "<group>"; };
		302C0C432AE946960098B392 /* ContentView.swift */ = {isa = PBXFileReference; lastKnownFileType = sourcecode.swift; path = ContentView.swift; sourceTree = "<group>"; };
		302C0C452AE946970098B392 /* Assets.xcassets */ = {isa = PBXFileReference; lastKnownFileType = folder.assetcatalog; path = Assets.xcassets; sourceTree = "<group>"; };
		302C0C482AE946970098B392 /* Preview Assets.xcassets */ = {isa = PBXFileReference; lastKnownFileType = folder.assetcatalog; path = "Preview Assets.xcassets"; sourceTree = "<group>"; };
		302C0C4A2AE946970098B392 /* ImageProviderClient_XPC.entitlements */ = {isa = PBXFileReference; lastKnownFileType = text.plist.entitlements; path = ImageProviderClient_XPC.entitlements; sourceTree = "<group>"; };
		302C0C4F2AE946970098B392 /* ImageProviderClient_XPCTests.xctest */ = {isa = PBXFileReference; explicitFileType = wrapper.cfbundle; includeInIndex = 0; path = ImageProviderClient_XPCTests.xctest; sourceTree = BUILT_PRODUCTS_DIR; };
		302C0C532AE946980098B392 /* ImageProviderClient_XPCTests.swift */ = {isa = PBXFileReference; lastKnownFileType = sourcecode.swift; path = ImageProviderClient_XPCTests.swift; sourceTree = "<group>"; };
		302C0C592AE946980098B392 /* ImageProviderClient_XPCUITests.xctest */ = {isa = PBXFileReference; explicitFileType = wrapper.cfbundle; includeInIndex = 0; path = ImageProviderClient_XPCUITests.xctest; sourceTree = BUILT_PRODUCTS_DIR; };
		302C0C5D2AE946980098B392 /* ImageProviderClient_XPCUITests.swift */ = {isa = PBXFileReference; lastKnownFileType = sourcecode.swift; path = ImageProviderClient_XPCUITests.swift; sourceTree = "<group>"; };
		302C0C5F2AE946980098B392 /* ImageProviderClient_XPCUITestsLaunchTests.swift */ = {isa = PBXFileReference; lastKnownFileType = sourcecode.swift; path = ImageProviderClient_XPCUITestsLaunchTests.swift; sourceTree = "<group>"; };
		302C0C762AE947BF0098B392 /* ImageProviderManager.swift */ = {isa = PBXFileReference; fileEncoding = 4; lastKnownFileType = sourcecode.swift; path = ImageProviderManager.swift; sourceTree = "<group>"; };
		302C0C7A2AE94EDE0098B392 /* DebugImageProviderXPCService-arm64.xpc */ = {isa = PBXFileReference; lastKnownFileType = "wrapper.xpc-service"; path = "DebugImageProviderXPCService-arm64.xpc"; sourceTree = "<group>"; };
		302C0C7D2AE9545D0098B392 /* DebugImageProviderXPCService-universal.xpc */ = {isa = PBXFileReference; lastKnownFileType = "wrapper.xpc-service"; path = "DebugImageProviderXPCService-universal.xpc"; sourceTree = "<group>"; };
		302C0C7E2AE9545D0098B392 /* DebugImageProviderXPCService-x86.xpc */ = {isa = PBXFileReference; lastKnownFileType = "wrapper.xpc-service"; path = "DebugImageProviderXPCService-x86.xpc"; sourceTree = "<group>"; };
		302C0C812AE9581F0098B392 /* ImageProvider.swift */ = {isa = PBXFileReference; lastKnownFileType = sourcecode.swift; path = ImageProvider.swift; sourceTree = "<group>"; };
		302C0C832AE95D500098B392 /* ImageProviderView.swift */ = {isa = PBXFileReference; lastKnownFileType = sourcecode.swift; path = ImageProviderView.swift; sourceTree = "<group>"; };
		306350182AEAB54B0085A3E5 /* FlirImageProviderServer.xpc */ = {isa = PBXFileReference; explicitFileType = "wrapper.xpc-service"; includeInIndex = 0; path = FlirImageProviderServer.xpc; sourceTree = BUILT_PRODUCTS_DIR; };
		3063501A2AEAB54B0085A3E5 /* FlirImageProviderServer.swift */ = {isa = PBXFileReference; lastKnownFileType = sourcecode.swift; path = FlirImageProviderServer.swift; sourceTree = "<group>"; };
		3063501E2AEAB54B0085A3E5 /* main.swift */ = {isa = PBXFileReference; lastKnownFileType = sourcecode.swift; path = main.swift; sourceTree = "<group>"; };
		306350202AEAB54B0085A3E5 /* Info.plist */ = {isa = PBXFileReference; lastKnownFileType = text.plist.xml; path = Info.plist; sourceTree = "<group>"; };
		306350212AEAB54B0085A3E5 /* FlirImageProviderServer.entitlements */ = {isa = PBXFileReference; lastKnownFileType = text.plist.entitlements; path = FlirImageProviderServer.entitlements; sourceTree = "<group>"; };
		306350292AEAD2990085A3E5 /* XPCProtocols.swift */ = {isa = PBXFileReference; lastKnownFileType = sourcecode.swift; path = XPCProtocols.swift; sourceTree = "<group>"; };
/* End PBXFileReference section */

/* Begin PBXFrameworksBuildPhase section */
		302C0C3B2AE946960098B392 /* Frameworks */ = {
			isa = PBXFrameworksBuildPhase;
			buildActionMask = 2147483647;
			files = (
			);
			runOnlyForDeploymentPostprocessing = 0;
		};
		302C0C4C2AE946970098B392 /* Frameworks */ = {
			isa = PBXFrameworksBuildPhase;
			buildActionMask = 2147483647;
			files = (
			);
			runOnlyForDeploymentPostprocessing = 0;
		};
		302C0C562AE946980098B392 /* Frameworks */ = {
			isa = PBXFrameworksBuildPhase;
			buildActionMask = 2147483647;
			files = (
			);
			runOnlyForDeploymentPostprocessing = 0;
		};
		306350152AEAB54B0085A3E5 /* Frameworks */ = {
			isa = PBXFrameworksBuildPhase;
			buildActionMask = 2147483647;
			files = (
			);
			runOnlyForDeploymentPostprocessing = 0;
		};
/* End PBXFrameworksBuildPhase section */

/* Begin PBXGroup section */
		302C0C352AE946960098B392 = {
			isa = PBXGroup;
			children = (
				302C0C7D2AE9545D0098B392 /* DebugImageProviderXPCService-universal.xpc */,
				302C0C7E2AE9545D0098B392 /* DebugImageProviderXPCService-x86.xpc */,
				302C0C7A2AE94EDE0098B392 /* DebugImageProviderXPCService-arm64.xpc */,
				302C0C402AE946960098B392 /* ImageProviderClient_XPC */,
				302C0C522AE946970098B392 /* ImageProviderClient_XPCTests */,
				302C0C5C2AE946980098B392 /* ImageProviderClient_XPCUITests */,
				306350192AEAB54B0085A3E5 /* FlirImageProviderServer */,
				302C0C3F2AE946960098B392 /* Products */,
			);
			sourceTree = "<group>";
		};
		302C0C3F2AE946960098B392 /* Products */ = {
			isa = PBXGroup;
			children = (
				302C0C3E2AE946960098B392 /* ImageProviderClient_XPC.app */,
				302C0C4F2AE946970098B392 /* ImageProviderClient_XPCTests.xctest */,
				302C0C592AE946980098B392 /* ImageProviderClient_XPCUITests.xctest */,
				306350182AEAB54B0085A3E5 /* FlirImageProviderServer.xpc */,
			);
			name = Products;
			sourceTree = "<group>";
		};
		302C0C402AE946960098B392 /* ImageProviderClient_XPC */ = {
			isa = PBXGroup;
			children = (
				302C0C412AE946960098B392 /* ImageProviderClient_XPCApp.swift */,
				302C0C432AE946960098B392 /* ContentView.swift */,
				302C0C832AE95D500098B392 /* ImageProviderView.swift */,
				302C0C762AE947BF0098B392 /* ImageProviderManager.swift */,
				302C0C452AE946970098B392 /* Assets.xcassets */,
				302C0C4A2AE946970098B392 /* ImageProviderClient_XPC.entitlements */,
				302C0C472AE946970098B392 /* Preview Content */,
				302C0C812AE9581F0098B392 /* ImageProvider.swift */,
				306350292AEAD2990085A3E5 /* XPCProtocols.swift */,
			);
			path = ImageProviderClient_XPC;
			sourceTree = "<group>";
		};
		302C0C472AE946970098B392 /* Preview Content */ = {
			isa = PBXGroup;
			children = (
				302C0C482AE946970098B392 /* Preview Assets.xcassets */,
			);
			path = "Preview Content";
			sourceTree = "<group>";
		};
		302C0C522AE946970098B392 /* ImageProviderClient_XPCTests */ = {
			isa = PBXGroup;
			children = (
				302C0C532AE946980098B392 /* ImageProviderClient_XPCTests.swift */,
			);
			path = ImageProviderClient_XPCTests;
			sourceTree = "<group>";
		};
		302C0C5C2AE946980098B392 /* ImageProviderClient_XPCUITests */ = {
			isa = PBXGroup;
			children = (
				302C0C5D2AE946980098B392 /* ImageProviderClient_XPCUITests.swift */,
				302C0C5F2AE946980098B392 /* ImageProviderClient_XPCUITestsLaunchTests.swift */,
			);
			path = ImageProviderClient_XPCUITests;
			sourceTree = "<group>";
		};
		306350192AEAB54B0085A3E5 /* FlirImageProviderServer */ = {
			isa = PBXGroup;
			children = (
				3063501A2AEAB54B0085A3E5 /* FlirImageProviderServer.swift */,
				3063501E2AEAB54B0085A3E5 /* main.swift */,
				306350202AEAB54B0085A3E5 /* Info.plist */,
				306350212AEAB54B0085A3E5 /* FlirImageProviderServer.entitlements */,
			);
			path = FlirImageProviderServer;
			sourceTree = "<group>";
		};
/* End PBXGroup section */

/* Begin PBXNativeTarget section */
		302C0C3D2AE946960098B392 /* ImageProviderClient_XPC */ = {
			isa = PBXNativeTarget;
			buildConfigurationList = 302C0C632AE946980098B392 /* Build configuration list for PBXNativeTarget "ImageProviderClient_XPC" */;
			buildPhases = (
				302C0C3A2AE946960098B392 /* Sources */,
				302C0C3B2AE946960098B392 /* Frameworks */,
				302C0C3C2AE946960098B392 /* Resources */,
				302C0C722AE946F40098B392 /* CopyFiles */,
			);
			buildRules = (
			);
			dependencies = (
				306350232AEAB54B0085A3E5 /* PBXTargetDependency */,
			);
			name = ImageProviderClient_XPC;
			productName = ImageProviderClient_XPC;
			productReference = 302C0C3E2AE946960098B392 /* ImageProviderClient_XPC.app */;
			productType = "com.apple.product-type.application";
		};
		302C0C4E2AE946970098B392 /* ImageProviderClient_XPCTests */ = {
			isa = PBXNativeTarget;
			buildConfigurationList = 302C0C662AE946980098B392 /* Build configuration list for PBXNativeTarget "ImageProviderClient_XPCTests" */;
			buildPhases = (
				302C0C4B2AE946970098B392 /* Sources */,
				302C0C4C2AE946970098B392 /* Frameworks */,
				302C0C4D2AE946970098B392 /* Resources */,
			);
			buildRules = (
			);
			dependencies = (
				302C0C512AE946970098B392 /* PBXTargetDependency */,
			);
			name = ImageProviderClient_XPCTests;
			productName = ImageProviderClient_XPCTests;
			productReference = 302C0C4F2AE946970098B392 /* ImageProviderClient_XPCTests.xctest */;
			productType = "com.apple.product-type.bundle.unit-test";
		};
		302C0C582AE946980098B392 /* ImageProviderClient_XPCUITests */ = {
			isa = PBXNativeTarget;
			buildConfigurationList = 302C0C692AE946980098B392 /* Build configuration list for PBXNativeTarget "ImageProviderClient_XPCUITests" */;
			buildPhases = (
				302C0C552AE946980098B392 /* Sources */,
				302C0C562AE946980098B392 /* Frameworks */,
				302C0C572AE946980098B392 /* Resources */,
			);
			buildRules = (
			);
			dependencies = (
				302C0C5B2AE946980098B392 /* PBXTargetDependency */,
			);
			name = ImageProviderClient_XPCUITests;
			productName = ImageProviderClient_XPCUITests;
			productReference = 302C0C592AE946980098B392 /* ImageProviderClient_XPCUITests.xctest */;
			productType = "com.apple.product-type.bundle.ui-testing";
		};
		306350172AEAB54B0085A3E5 /* FlirImageProviderServer */ = {
			isa = PBXNativeTarget;
			buildConfigurationList = 306350272AEAB54B0085A3E5 /* Build configuration list for PBXNativeTarget "FlirImageProviderServer" */;
			buildPhases = (
				306350142AEAB54B0085A3E5 /* Sources */,
				306350152AEAB54B0085A3E5 /* Frameworks */,
				306350162AEAB54B0085A3E5 /* Resources */,
			);
			buildRules = (
			);
			dependencies = (
			);
			name = FlirImageProviderServer;
			productName = FlirImageProviderServer;
			productReference = 306350182AEAB54B0085A3E5 /* FlirImageProviderServer.xpc */;
			productType = "com.apple.product-type.xpc-service";
		};
/* End PBXNativeTarget section */

/* Begin PBXProject section */
		302C0C362AE946960098B392 /* Project object */ = {
			isa = PBXProject;
			attributes = {
				BuildIndependentTargetsInParallel = 1;
				LastSwiftUpdateCheck = 1510;
				LastUpgradeCheck = 1510;
				TargetAttributes = {
					302C0C3D2AE946960098B392 = {
						CreatedOnToolsVersion = 15.1;
					};
					302C0C4E2AE946970098B392 = {
						CreatedOnToolsVersion = 15.1;
						TestTargetID = 302C0C3D2AE946960098B392;
					};
					302C0C582AE946980098B392 = {
						CreatedOnToolsVersion = 15.1;
						TestTargetID = 302C0C3D2AE946960098B392;
					};
					306350172AEAB54B0085A3E5 = {
						CreatedOnToolsVersion = 15.1;
					};
				};
			};
			buildConfigurationList = 302C0C392AE946960098B392 /* Build configuration list for PBXProject "ImageProviderClient_XPC" */;
			compatibilityVersion = "Xcode 14.0";
			developmentRegion = en;
			hasScannedForEncodings = 0;
			knownRegions = (
				en,
				Base,
			);
			mainGroup = 302C0C352AE946960098B392;
			productRefGroup = 302C0C3F2AE946960098B392 /* Products */;
			projectDirPath = "";
			projectRoot = "";
			targets = (
				302C0C3D2AE946960098B392 /* ImageProviderClient_XPC */,
				302C0C4E2AE946970098B392 /* ImageProviderClient_XPCTests */,
				302C0C582AE946980098B392 /* ImageProviderClient_XPCUITests */,
				306350172AEAB54B0085A3E5 /* FlirImageProviderServer */,
			);
		};
/* End PBXProject section */

/* Begin PBXResourcesBuildPhase section */
		302C0C3C2AE946960098B392 /* Resources */ = {
			isa = PBXResourcesBuildPhase;
			buildActionMask = 2147483647;
			files = (
				302C0C492AE946970098B392 /* Preview Assets.xcassets in Resources */,
				302C0C7B2AE94EDE0098B392 /* DebugImageProviderXPCService-arm64.xpc in Resources */,
				302C0C462AE946970098B392 /* Assets.xcassets in Resources */,
			);
			runOnlyForDeploymentPostprocessing = 0;
		};
		302C0C4D2AE946970098B392 /* Resources */ = {
			isa = PBXResourcesBuildPhase;
			buildActionMask = 2147483647;
			files = (
			);
			runOnlyForDeploymentPostprocessing = 0;
		};
		302C0C572AE946980098B392 /* Resources */ = {
			isa = PBXResourcesBuildPhase;
			buildActionMask = 2147483647;
			files = (
			);
			runOnlyForDeploymentPostprocessing = 0;
		};
		306350162AEAB54B0085A3E5 /* Resources */ = {
			isa = PBXResourcesBuildPhase;
			buildActionMask = 2147483647;
			files = (
			);
			runOnlyForDeploymentPostprocessing = 0;
		};
/* End PBXResourcesBuildPhase section */

/* Begin PBXSourcesBuildPhase section */
		302C0C3A2AE946960098B392 /* Sources */ = {
			isa = PBXSourcesBuildPhase;
			buildActionMask = 2147483647;
			files = (
				302C0C822AE9581F0098B392 /* ImageProvider.swift in Sources */,
				302C0C442AE946960098B392 /* ContentView.swift in Sources */,
				302C0C772AE947BF0098B392 /* ImageProviderManager.swift in Sources */,
				302C0C842AE95D500098B392 /* ImageProviderView.swift in Sources */,
				3063502A2AEAD2990085A3E5 /* XPCProtocols.swift in Sources */,
				302C0C422AE946960098B392 /* ImageProviderClient_XPCApp.swift in Sources */,
			);
			runOnlyForDeploymentPostprocessing = 0;
		};
		302C0C4B2AE946970098B392 /* Sources */ = {
			isa = PBXSourcesBuildPhase;
			buildActionMask = 2147483647;
			files = (
				302C0C542AE946980098B392 /* ImageProviderClient_XPCTests.swift in Sources */,
			);
			runOnlyForDeploymentPostprocessing = 0;
		};
		302C0C552AE946980098B392 /* Sources */ = {
			isa = PBXSourcesBuildPhase;
			buildActionMask = 2147483647;
			files = (
				302C0C602AE946980098B392 /* ImageProviderClient_XPCUITestsLaunchTests.swift in Sources */,
				302C0C5E2AE946980098B392 /* ImageProviderClient_XPCUITests.swift in Sources */,
			);
			runOnlyForDeploymentPostprocessing = 0;
		};
		306350142AEAB54B0085A3E5 /* Sources */ = {
			isa = PBXSourcesBuildPhase;
			buildActionMask = 2147483647;
			files = (
				3063502B2AEAD2E70085A3E5 /* XPCProtocols.swift in Sources */,
				3063501B2AEAB54B0085A3E5 /* FlirImageProviderServer.swift in Sources */,
				3063501F2AEAB54B0085A3E5 /* main.swift in Sources */,
			);
			runOnlyForDeploymentPostprocessing = 0;
		};
/* End PBXSourcesBuildPhase section */

/* Begin PBXTargetDependency section */
		302C0C512AE946970098B392 /* PBXTargetDependency */ = {
			isa = PBXTargetDependency;
			target = 302C0C3D2AE946960098B392 /* ImageProviderClient_XPC */;
			targetProxy = 302C0C502AE946970098B392 /* PBXContainerItemProxy */;
		};
		302C0C5B2AE946980098B392 /* PBXTargetDependency */ = {
			isa = PBXTargetDependency;
			target = 302C0C3D2AE946960098B392 /* ImageProviderClient_XPC */;
			targetProxy = 302C0C5A2AE946980098B392 /* PBXContainerItemProxy */;
		};
		306350232AEAB54B0085A3E5 /* PBXTargetDependency */ = {
			isa = PBXTargetDependency;
			target = 306350172AEAB54B0085A3E5 /* FlirImageProviderServer */;
			targetProxy = 306350222AEAB54B0085A3E5 /* PBXContainerItemProxy */;
		};
/* End PBXTargetDependency section */

/* Begin XCBuildConfiguration section */
		302C0C612AE946980098B392 /* Debug */ = {
			isa = XCBuildConfiguration;
			buildSettings = {
				ALWAYS_SEARCH_USER_PATHS = NO;
				ASSETCATALOG_COMPILER_GENERATE_SWIFT_ASSET_SYMBOL_EXTENSIONS = YES;
				CLANG_ANALYZER_NONNULL = YES;
				CLANG_ANALYZER_NUMBER_OBJECT_CONVERSION = YES_AGGRESSIVE;
				CLANG_CXX_LANGUAGE_STANDARD = "gnu++20";
				CLANG_ENABLE_MODULES = YES;
				CLANG_ENABLE_OBJC_ARC = YES;
				CLANG_ENABLE_OBJC_WEAK = YES;
				CLANG_WARN_BLOCK_CAPTURE_AUTORELEASING = YES;
				CLANG_WARN_BOOL_CONVERSION = YES;
				CLANG_WARN_COMMA = YES;
				CLANG_WARN_CONSTANT_CONVERSION = YES;
				CLANG_WARN_DEPRECATED_OBJC_IMPLEMENTATIONS = YES;
				CLANG_WARN_DIRECT_OBJC_ISA_USAGE = YES_ERROR;
				CLANG_WARN_DOCUMENTATION_COMMENTS = YES;
				CLANG_WARN_EMPTY_BODY = YES;
				CLANG_WARN_ENUM_CONVERSION = YES;
				CLANG_WARN_INFINITE_RECURSION = YES;
				CLANG_WARN_INT_CONVERSION = YES;
				CLANG_WARN_NON_LITERAL_NULL_CONVERSION = YES;
				CLANG_WARN_OBJC_IMPLICIT_RETAIN_SELF = YES;
				CLANG_WARN_OBJC_LITERAL_CONVERSION = YES;
				CLANG_WARN_OBJC_ROOT_CLASS = YES_ERROR;
				CLANG_WARN_QUOTED_INCLUDE_IN_FRAMEWORK_HEADER = YES;
				CLANG_WARN_RANGE_LOOP_ANALYSIS = YES;
				CLANG_WARN_STRICT_PROTOTYPES = YES;
				CLANG_WARN_SUSPICIOUS_MOVE = YES;
				CLANG_WARN_UNGUARDED_AVAILABILITY = YES_AGGRESSIVE;
				CLANG_WARN_UNREACHABLE_CODE = YES;
				CLANG_WARN__DUPLICATE_METHOD_MATCH = YES;
				COPY_PHASE_STRIP = NO;
				DEBUG_INFORMATION_FORMAT = dwarf;
				ENABLE_STRICT_OBJC_MSGSEND = YES;
				ENABLE_TESTABILITY = YES;
				ENABLE_USER_SCRIPT_SANDBOXING = YES;
				GCC_C_LANGUAGE_STANDARD = gnu17;
				GCC_DYNAMIC_NO_PIC = NO;
				GCC_NO_COMMON_BLOCKS = YES;
				GCC_OPTIMIZATION_LEVEL = 0;
				GCC_PREPROCESSOR_DEFINITIONS = (
					"DEBUG=1",
					"$(inherited)",
				);
				GCC_WARN_64_TO_32_BIT_CONVERSION = YES;
				GCC_WARN_ABOUT_RETURN_TYPE = YES_ERROR;
				GCC_WARN_UNDECLARED_SELECTOR = YES;
				GCC_WARN_UNINITIALIZED_AUTOS = YES_AGGRESSIVE;
				GCC_WARN_UNUSED_FUNCTION = YES;
				GCC_WARN_UNUSED_VARIABLE = YES;
				LOCALIZATION_PREFERS_STRING_CATALOGS = YES;
				MACOSX_DEPLOYMENT_TARGET = 14.0;
				MTL_ENABLE_DEBUG_INFO = INCLUDE_SOURCE;
				MTL_FAST_MATH = YES;
				ONLY_ACTIVE_ARCH = YES;
				SDKROOT = macosx;
				SWIFT_ACTIVE_COMPILATION_CONDITIONS = "DEBUG $(inherited)";
				SWIFT_OPTIMIZATION_LEVEL = "-Onone";
			};
			name = Debug;
		};
		302C0C622AE946980098B392 /* Release */ = {
			isa = XCBuildConfiguration;
			buildSettings = {
				ALWAYS_SEARCH_USER_PATHS = NO;
				ASSETCATALOG_COMPILER_GENERATE_SWIFT_ASSET_SYMBOL_EXTENSIONS = YES;
				CLANG_ANALYZER_NONNULL = YES;
				CLANG_ANALYZER_NUMBER_OBJECT_CONVERSION = YES_AGGRESSIVE;
				CLANG_CXX_LANGUAGE_STANDARD = "gnu++20";
				CLANG_ENABLE_MODULES = YES;
				CLANG_ENABLE_OBJC_ARC = YES;
				CLANG_ENABLE_OBJC_WEAK = YES;
				CLANG_WARN_BLOCK_CAPTURE_AUTORELEASING = YES;
				CLANG_WARN_BOOL_CONVERSION = YES;
				CLANG_WARN_COMMA = YES;
				CLANG_WARN_CONSTANT_CONVERSION = YES;
				CLANG_WARN_DEPRECATED_OBJC_IMPLEMENTATIONS = YES;
				CLANG_WARN_DIRECT_OBJC_ISA_USAGE = YES_ERROR;
				CLANG_WARN_DOCUMENTATION_COMMENTS = YES;
				CLANG_WARN_EMPTY_BODY = YES;
				CLANG_WARN_ENUM_CONVERSION = YES;
				CLANG_WARN_INFINITE_RECURSION = YES;
				CLANG_WARN_INT_CONVERSION = YES;
				CLANG_WARN_NON_LITERAL_NULL_CONVERSION = YES;
				CLANG_WARN_OBJC_IMPLICIT_RETAIN_SELF = YES;
				CLANG_WARN_OBJC_LITERAL_CONVERSION = YES;
				CLANG_WARN_OBJC_ROOT_CLASS = YES_ERROR;
				CLANG_WARN_QUOTED_INCLUDE_IN_FRAMEWORK_HEADER = YES;
				CLANG_WARN_RANGE_LOOP_ANALYSIS = YES;
				CLANG_WARN_STRICT_PROTOTYPES = YES;
				CLANG_WARN_SUSPICIOUS_MOVE = YES;
				CLANG_WARN_UNGUARDED_AVAILABILITY = YES_AGGRESSIVE;
				CLANG_WARN_UNREACHABLE_CODE = YES;
				CLANG_WARN__DUPLICATE_METHOD_MATCH = YES;
				COPY_PHASE_STRIP = NO;
				DEBUG_INFORMATION_FORMAT = "dwarf-with-dsym";
				ENABLE_NS_ASSERTIONS = NO;
				ENABLE_STRICT_OBJC_MSGSEND = YES;
				ENABLE_USER_SCRIPT_SANDBOXING = YES;
				GCC_C_LANGUAGE_STANDARD = gnu17;
				GCC_NO_COMMON_BLOCKS = YES;
				GCC_WARN_64_TO_32_BIT_CONVERSION = YES;
				GCC_WARN_ABOUT_RETURN_TYPE = YES_ERROR;
				GCC_WARN_UNDECLARED_SELECTOR = YES;
				GCC_WARN_UNINITIALIZED_AUTOS = YES_AGGRESSIVE;
				GCC_WARN_UNUSED_FUNCTION = YES;
				GCC_WARN_UNUSED_VARIABLE = YES;
				LOCALIZATION_PREFERS_STRING_CATALOGS = YES;
				MACOSX_DEPLOYMENT_TARGET = 14.0;
				MTL_ENABLE_DEBUG_INFO = NO;
				MTL_FAST_MATH = YES;
				SDKROOT = macosx;
				SWIFT_COMPILATION_MODE = wholemodule;
			};
			name = Release;
		};
		302C0C642AE946980098B392 /* Debug */ = {
			isa = XCBuildConfiguration;
			buildSettings = {
				ALWAYS_EMBED_SWIFT_STANDARD_LIBRARIES = YES;
				ASSETCATALOG_COMPILER_APPICON_NAME = AppIcon;
				ASSETCATALOG_COMPILER_GLOBAL_ACCENT_COLOR_NAME = AccentColor;
				CODE_SIGN_ENTITLEMENTS = ImageProviderClient_XPC/ImageProviderClient_XPC.entitlements;
				CODE_SIGN_STYLE = Automatic;
				COMBINE_HIDPI_IMAGES = YES;
				CURRENT_PROJECT_VERSION = 1;
				DEVELOPMENT_ASSET_PATHS = "\"ImageProviderClient_XPC/Preview Content\"";
				DEVELOPMENT_TEAM = 776ZH6DZ4V;
				ENABLE_HARDENED_RUNTIME = YES;
				ENABLE_PREVIEWS = YES;
				GENERATE_INFOPLIST_FILE = YES;
				INFOPLIST_KEY_NSHumanReadableCopyright = "";
				LD_RUNPATH_SEARCH_PATHS = (
					"$(inherited)",
					"@executable_path/../Frameworks",
				);
				MARKETING_VERSION = 1.0;
				PRODUCT_BUNDLE_IDENTIFIER = "com.bliq.ImageProviderClient-XPC";
				PRODUCT_NAME = "$(TARGET_NAME)";
				SWIFT_EMIT_LOC_STRINGS = YES;
				SWIFT_VERSION = 5.0;
			};
			name = Debug;
		};
		302C0C652AE946980098B392 /* Release */ = {
			isa = XCBuildConfiguration;
			buildSettings = {
				ALWAYS_EMBED_SWIFT_STANDARD_LIBRARIES = YES;
				ASSETCATALOG_COMPILER_APPICON_NAME = AppIcon;
				ASSETCATALOG_COMPILER_GLOBAL_ACCENT_COLOR_NAME = AccentColor;
				CODE_SIGN_ENTITLEMENTS = ImageProviderClient_XPC/ImageProviderClient_XPC.entitlements;
				CODE_SIGN_STYLE = Automatic;
				COMBINE_HIDPI_IMAGES = YES;
				CURRENT_PROJECT_VERSION = 1;
				DEVELOPMENT_ASSET_PATHS = "\"ImageProviderClient_XPC/Preview Content\"";
				DEVELOPMENT_TEAM = 776ZH6DZ4V;
				ENABLE_HARDENED_RUNTIME = YES;
				ENABLE_PREVIEWS = YES;
				GENERATE_INFOPLIST_FILE = YES;
				INFOPLIST_KEY_NSHumanReadableCopyright = "";
				LD_RUNPATH_SEARCH_PATHS = (
					"$(inherited)",
					"@executable_path/../Frameworks",
				);
				MARKETING_VERSION = 1.0;
				PRODUCT_BUNDLE_IDENTIFIER = "com.bliq.ImageProviderClient-XPC";
				PRODUCT_NAME = "$(TARGET_NAME)";
				SWIFT_EMIT_LOC_STRINGS = YES;
				SWIFT_VERSION = 5.0;
			};
			name = Release;
		};
		302C0C672AE946980098B392 /* Debug */ = {
			isa = XCBuildConfiguration;
			buildSettings = {
				ALWAYS_EMBED_SWIFT_STANDARD_LIBRARIES = YES;
				BUNDLE_LOADER = "$(TEST_HOST)";
				CODE_SIGN_STYLE = Automatic;
				CURRENT_PROJECT_VERSION = 1;
				DEVELOPMENT_TEAM = 776ZH6DZ4V;
				GENERATE_INFOPLIST_FILE = YES;
				MACOSX_DEPLOYMENT_TARGET = 14.0;
				MARKETING_VERSION = 1.0;
				PRODUCT_BUNDLE_IDENTIFIER = "com.bliq.ImageProviderClient-XPCTests";
				PRODUCT_NAME = "$(TARGET_NAME)";
				SWIFT_EMIT_LOC_STRINGS = NO;
				SWIFT_VERSION = 5.0;
				TEST_HOST = "$(BUILT_PRODUCTS_DIR)/ImageProviderClient_XPC.app/$(BUNDLE_EXECUTABLE_FOLDER_PATH)/ImageProviderClient_XPC";
			};
			name = Debug;
		};
		302C0C682AE946980098B392 /* Release */ = {
			isa = XCBuildConfiguration;
			buildSettings = {
				ALWAYS_EMBED_SWIFT_STANDARD_LIBRARIES = YES;
				BUNDLE_LOADER = "$(TEST_HOST)";
				CODE_SIGN_STYLE = Automatic;
				CURRENT_PROJECT_VERSION = 1;
				DEVELOPMENT_TEAM = 776ZH6DZ4V;
				GENERATE_INFOPLIST_FILE = YES;
				MACOSX_DEPLOYMENT_TARGET = 14.0;
				MARKETING_VERSION = 1.0;
				PRODUCT_BUNDLE_IDENTIFIER = "com.bliq.ImageProviderClient-XPCTests";
				PRODUCT_NAME = "$(TARGET_NAME)";
				SWIFT_EMIT_LOC_STRINGS = NO;
				SWIFT_VERSION = 5.0;
				TEST_HOST = "$(BUILT_PRODUCTS_DIR)/ImageProviderClient_XPC.app/$(BUNDLE_EXECUTABLE_FOLDER_PATH)/ImageProviderClient_XPC";
			};
			name = Release;
		};
		302C0C6A2AE946980098B392 /* Debug */ = {
			isa = XCBuildConfiguration;
			buildSettings = {
				ALWAYS_EMBED_SWIFT_STANDARD_LIBRARIES = YES;
				CODE_SIGN_STYLE = Automatic;
				CURRENT_PROJECT_VERSION = 1;
				DEVELOPMENT_TEAM = 776ZH6DZ4V;
				GENERATE_INFOPLIST_FILE = YES;
				MARKETING_VERSION = 1.0;
				PRODUCT_BUNDLE_IDENTIFIER = "com.bliq.ImageProviderClient-XPCUITests";
				PRODUCT_NAME = "$(TARGET_NAME)";
				SWIFT_EMIT_LOC_STRINGS = NO;
				SWIFT_VERSION = 5.0;
				TEST_TARGET_NAME = ImageProviderClient_XPC;
			};
			name = Debug;
		};
		302C0C6B2AE946980098B392 /* Release */ = {
			isa = XCBuildConfiguration;
			buildSettings = {
				ALWAYS_EMBED_SWIFT_STANDARD_LIBRARIES = YES;
				CODE_SIGN_STYLE = Automatic;
				CURRENT_PROJECT_VERSION = 1;
				DEVELOPMENT_TEAM = 776ZH6DZ4V;
				GENERATE_INFOPLIST_FILE = YES;
				MARKETING_VERSION = 1.0;
				PRODUCT_BUNDLE_IDENTIFIER = "com.bliq.ImageProviderClient-XPCUITests";
				PRODUCT_NAME = "$(TARGET_NAME)";
				SWIFT_EMIT_LOC_STRINGS = NO;
				SWIFT_VERSION = 5.0;
				TEST_TARGET_NAME = ImageProviderClient_XPC;
			};
			name = Release;
		};
		306350252AEAB54B0085A3E5 /* Debug */ = {
			isa = XCBuildConfiguration;
			buildSettings = {
				ARCHS = x86_64;
				CODE_SIGN_ENTITLEMENTS = FlirImageProviderServer/FlirImageProviderServer.entitlements;
				CODE_SIGN_STYLE = Automatic;
				COMBINE_HIDPI_IMAGES = YES;
				CURRENT_PROJECT_VERSION = 1;
				DEVELOPMENT_TEAM = 776ZH6DZ4V;
				ENABLE_HARDENED_RUNTIME = YES;
				GENERATE_INFOPLIST_FILE = YES;
				INFOPLIST_FILE = FlirImageProviderServer/Info.plist;
				INFOPLIST_KEY_CFBundleDisplayName = FlirImageProviderServer;
				INFOPLIST_KEY_NSHumanReadableCopyright = "";
				MARKETING_VERSION = 1.0;
				PRODUCT_BUNDLE_IDENTIFIER = com.bliq.FlirImageProviderServer;
				PRODUCT_NAME = "$(TARGET_NAME)";
				SKIP_INSTALL = YES;
				SWIFT_EMIT_LOC_STRINGS = YES;
				SWIFT_VERSION = 5.0;
			};
			name = Debug;
		};
		306350262AEAB54B0085A3E5 /* Release */ = {
			isa = XCBuildConfiguration;
			buildSettings = {
				ARCHS = x86_64;
				CODE_SIGN_ENTITLEMENTS = FlirImageProviderServer/FlirImageProviderServer.entitlements;
				CODE_SIGN_STYLE = Automatic;
				COMBINE_HIDPI_IMAGES = YES;
				CURRENT_PROJECT_VERSION = 1;
				DEVELOPMENT_TEAM = 776ZH6DZ4V;
				ENABLE_HARDENED_RUNTIME = YES;
				GENERATE_INFOPLIST_FILE = YES;
				INFOPLIST_FILE = FlirImageProviderServer/Info.plist;
				INFOPLIST_KEY_CFBundleDisplayName = FlirImageProviderServer;
				INFOPLIST_KEY_NSHumanReadableCopyright = "";
				MARKETING_VERSION = 1.0;
				PRODUCT_BUNDLE_IDENTIFIER = com.bliq.FlirImageProviderServer;
				PRODUCT_NAME = "$(TARGET_NAME)";
				SKIP_INSTALL = YES;
				SWIFT_EMIT_LOC_STRINGS = YES;
				SWIFT_VERSION = 5.0;
			};
			name = Release;
		};
/* End XCBuildConfiguration section */

/* Begin XCConfigurationList section */
		302C0C392AE946960098B392 /* Build configuration list for PBXProject "ImageProviderClient_XPC" */ = {
			isa = XCConfigurationList;
			buildConfigurations = (
				302C0C612AE946980098B392 /* Debug */,
				302C0C622AE946980098B392 /* Release */,
			);
			defaultConfigurationIsVisible = 0;
			defaultConfigurationName = Release;
		};
		302C0C632AE946980098B392 /* Build configuration list for PBXNativeTarget "ImageProviderClient_XPC" */ = {
			isa = XCConfigurationList;
			buildConfigurations = (
				302C0C642AE946980098B392 /* Debug */,
				302C0C652AE946980098B392 /* Release */,
			);
			defaultConfigurationIsVisible = 0;
			defaultConfigurationName = Release;
		};
		302C0C662AE946980098B392 /* Build configuration list for PBXNativeTarget "ImageProviderClient_XPCTests" */ = {
			isa = XCConfigurationList;
			buildConfigurations = (
				302C0C672AE946980098B392 /* Debug */,
				302C0C682AE946980098B392 /* Release */,
			);
			defaultConfigurationIsVisible = 0;
			defaultConfigurationName = Release;
		};
		302C0C692AE946980098B392 /* Build configuration list for PBXNativeTarget "ImageProviderClient_XPCUITests" */ = {
			isa = XCConfigurationList;
			buildConfigurations = (
				302C0C6A2AE946980098B392 /* Debug */,
				302C0C6B2AE946980098B392 /* Release */,
			);
			defaultConfigurationIsVisible = 0;
			defaultConfigurationName = Release;
		};
		306350272AEAB54B0085A3E5 /* Build configuration list for PBXNativeTarget "FlirImageProviderServer" */ = {
			isa = XCConfigurationList;
			buildConfigurations = (
				306350252AEAB54B0085A3E5 /* Debug */,
				306350262AEAB54B0085A3E5 /* Release */,
			);
			defaultConfigurationIsVisible = 0;
			defaultConfigurationName = Release;
		};
/* End XCConfigurationList section */
	};
	rootObject = 302C0C362AE946960098B392 /* Project object */;
}
